
Microsoft Visual Studio Solution File, Format Version 12.00
# Visual Studio Version 17
VisualStudioVersion = 17.5.002.0
MinimumVisualStudioVersion = 10.0.40219.1
Project("{9A19103F-16F7-4668-BE54-9A1E7A4F7556}") = "dotnet-calculator", "dotnet-calculator.csproj", "{6463A3DC-19C2-4F5D-A58C-A1710F37A19D}"
EndProject
Global
	GlobalSection(SolutionConfigurationPlatforms) = preSolution
		Debug|Any CPU = Debug|Any CPU
		Release|Any CPU = Release|Any CPU
	EndGlobalSection
	GlobalSection(ProjectConfigurationPlatforms) = postSolution
		{6463A3DC-19C2-4F5D-A58C-A1710F37A19D}.Debug|Any CPU.ActiveCfg = Debug|Any CPU
		{6463A3DC-19C2-4F5D-A58C-A1710F37A19D}.Debug|Any CPU.Build.0 = Debug|Any CPU
		{6463A3DC-19C2-4F5D-A58C-A1710F37A19D}.Release|Any CPU.ActiveCfg = Release|Any CPU
		{6463A3DC-19C2-4F5D-A58C-A1710F37A19D}.Release|Any CPU.Build.0 = Release|Any CPU
	EndGlobalSection
	GlobalSection(SolutionProperties) = preSolution
		HideSolutionNode = FALSE
	EndGlobalSection
	GlobalSection(ExtensibilityGlobals) = postSolution
		SolutionGuid = {2C0FB7CE-AC19-4DA7-962F-8972EA94CDE9}
	EndGlobalSection
EndGlobal
